
Microsoft Visual Studio Solution File, Format Version 11.00
# Visual Studio 2010
Project("{8BC9CEB8-8B4A-11D0-8D11-00A0C91BC942}") = "2010105019_김상현_HW4", "2010105019_김상현_HW4\2010105019_김상현_HW4.vcxproj", "{4079DD9E-AE3A-4D3E-AD7C-1F5C1603A9C4}"
EndProject
Global
	GlobalSection(SolutionConfigurationPlatforms) = preSolution
		Debug|Win32 = Debug|Win32
		Release|Win32 = Release|Win32
	EndGlobalSection
	GlobalSection(ProjectConfigurationPlatforms) = postSolution
		{4079DD9E-AE3A-4D3E-AD7C-1F5C1603A9C4}.Debug|Win32.ActiveCfg = Debug|Win32
		{4079DD9E-AE3A-4D3E-AD7C-1F5C1603A9C4}.Debug|Win32.Build.0 = Debug|Win32
		{4079DD9E-AE3A-4D3E-AD7C-1F5C1603A9C4}.Release|Win32.ActiveCfg = Release|Win32
		{4079DD9E-AE3A-4D3E-AD7C-1F5C1603A9C4}.Release|Win32.Build.0 = Release|Win32
	EndGlobalSection
	GlobalSection(SolutionProperties) = preSolution
		HideSolutionNode = FALSE
	EndGlobalSection
EndGlobal
